
Microsoft Visual Studio Solution File, Format Version 12.00
# Visual Studio Version 17
VisualStudioVersion = 17.12.35527.113
MinimumVisualStudioVersion = 10.0.40219.1
Project("{FAE04EC0-301F-11D3-BF4B-00C04F79EFBC}") = "dotNET - Exceptions", "dotNET - Exceptions\dotNET - Exceptions.csproj", "{C8C98BD1-E0D6-4347-971E-C04BF21F8936}"
EndProject
Project("{FAE04EC0-301F-11D3-BF4B-00C04F79EFBC}") = "Exceptions - Aufgaben", "Exceptions - Aufgaben\Exceptions - Aufgaben.csproj", "{B02197C0-172F-4A66-908C-93D3AE9F6951}"
EndProject
Project("{FAE04EC0-301F-11D3-BF4B-00C04F79EFBC}") = "Exceptions - Jahre", "Exceptions - Jahre\Exceptions - Jahre.csproj", "{F99325A7-71AF-4000-91E5-FAC4490B65B4}"
EndProject
Project("{FAE04EC0-301F-11D3-BF4B-00C04F79EFBC}") = "Exceptions - Trainstation", "Exceptions - Trainstation\Exceptions - Trainstation.csproj", "{8585C5CA-9A8D-41A6-85C7-F74D9CCD2357}"
EndProject
Project("{FAE04EC0-301F-11D3-BF4B-00C04F79EFBC}") = "RegEx - Frosch König", "RegEx - Frosch König\RegEx - Frosch König.csproj", "{54E41545-36BA-4DF2-8F4A-E8848A559912}"
EndProject
Project("{FAE04EC0-301F-11D3-BF4B-00C04F79EFBC}") = "RegEx - WPF validierung", "RegEx - WPF validierung\RegEx - WPF validierung.csproj", "{06EA3EE8-39CA-4E42-9A9B-BB24381A3DE5}"
EndProject
Project("{FAE04EC0-301F-11D3-BF4B-00C04F79EFBC}") = "Generics - Flasche klass", "Generics - Flasche klass\Generics - Flasche klass.csproj", "{6A78728F-7A35-4AE0-8C62-C058FC814E58}"
EndProject
Project("{FAE04EC0-301F-11D3-BF4B-00C04F79EFBC}") = "Generics - einfach verketette list", "Generics - einfach verketette list\Generics - einfach verketette list.csproj", "{61B57C19-FEE3-481E-B9A5-ECD068699879}"
EndProject
Project("{FAE04EC0-301F-11D3-BF4B-00C04F79EFBC}") = "Generics - Set ( Matematische menge )", "Generics - SimpleList aufgabe 2\Generics - Set ( Matematische menge ).csproj", "{090D7A91-18B5-40C7-A8D0-185BA4B5F0AF}"
EndProject
Project("{FAE04EC0-301F-11D3-BF4B-00C04F79EFBC}") = "Generics - Flasche", "Generics - Flasche\Generics - Flasche.csproj", "{01C2ECA4-1868-43D0-9D4D-DE073E74DA56}"
EndProject
Project("{FAE04EC0-301F-11D3-BF4B-00C04F79EFBC}") = "Generics - BinarySearchTree", "Generics - BinarySearchTree\Generics - BinarySearchTree.csproj", "{D7A5EBD2-10F7-4183-BFF9-CC7EB2AD146C}"
EndProject
Project("{FAE04EC0-301F-11D3-BF4B-00C04F79EFBC}") = "BinarySearchTree", "BinarySearchTree\BinarySearchTree.csproj", "{426C683F-AE93-485C-888A-C4697E2FC50A}"
EndProject
Project("{FAE04EC0-301F-11D3-BF4B-00C04F79EFBC}") = "Extra - ChecksumCalculator WPF", "Extra - ChecksumCalculator\Extra - ChecksumCalculator WPF.csproj", "{D1AB9910-369C-40BE-ADCB-E1DF6526F11C}"
EndProject
Project("{FAE04EC0-301F-11D3-BF4B-00C04F79EFBC}") = "WPF - Spaceship simulator", "WPF - Spaceship simulator\WPF - Spaceship simulator.csproj", "{C4AE3000-C34B-47F8-862F-D85E0E4A9775}"
EndProject
Project("{FAE04EC0-301F-11D3-BF4B-00C04F79EFBC}") = "Operatoruberladung", "Operatoruberladung\Operatoruberladung.csproj", "{B2CF8C9E-0333-41D8-B172-FC3C22EA9432}"
EndProject
Project("{FAE04EC0-301F-11D3-BF4B-00C04F79EFBC}") = "Indexer - Simple List", "Indexer - Simple List\Indexer - Simple List.csproj", "{340203B8-BA9D-42C7-8D95-1624300CDDD9}"
EndProject
Project("{FAE04EC0-301F-11D3-BF4B-00C04F79EFBC}") = "Collections - Lesen datei backwards", "Collections\Collections - Lesen datei backwards.csproj", "{B679A26F-92AA-40E2-9BB5-B5308E4D9D3E}"
EndProject
Project("{FAE04EC0-301F-11D3-BF4B-00C04F79EFBC}") = "Collections - Dictionary", "Collections - Dictionary\Collections - Dictionary.csproj", "{A89A9E98-4A90-42C2-B5CB-DB02C450C162}"
EndProject
Project("{FAE04EC0-301F-11D3-BF4B-00C04F79EFBC}") = "Collections - Schach", "Collections - Schach\Collections - Schach.csproj", "{3FDE09C8-A9D3-4773-AEB0-2D5D9A744908}"
EndProject
Project("{FAE04EC0-301F-11D3-BF4B-00C04F79EFBC}") = "Delegates - Intro", "Delegates - Intro\Delegates - Intro.csproj", "{E3DE80F6-9293-422A-A5FF-6E869AE9652C}"
EndProject
Project("{FAE04EC0-301F-11D3-BF4B-00C04F79EFBC}") = "Delegates - Groß-klein", "Delegates - Groß-klein\Delegates - Groß-klein.csproj", "{B9B9BA2C-209D-4781-B4D9-D92EDC3A27CD}"
EndProject
Project("{FAE04EC0-301F-11D3-BF4B-00C04F79EFBC}") = "Delegates - MinMax array", "Delegates - MinMax array\Delegates - MinMax array.csproj", "{3E1D6B75-D430-45D5-8EED-355C4887594C}"
EndProject
Project("{FAE04EC0-301F-11D3-BF4B-00C04F79EFBC}") = "Delegates - Logger", "Delegates - Logger\Delegates - Logger.csproj", "{F2F9A258-808E-4240-9752-038982A16C08}"
EndProject
Project("{FAE04EC0-301F-11D3-BF4B-00C04F79EFBC}") = "Events - WarpKern", "Events - WarpKern\Events - WarpKern.csproj", "{626EA710-4F62-4AD6-9133-2E14FEFCAC02}"
EndProject
Project("{FAE04EC0-301F-11D3-BF4B-00C04F79EFBC}") = "Events - Beobachter am Fluss", "Events - Beobachter am Fluss\Events - Beobachter am Fluss.csproj", "{4D245011-1F2E-4D3C-96AC-4D09C0735893}"
EndProject
Project("{FAE04EC0-301F-11D3-BF4B-00C04F79EFBC}") = "Events - Trigger", "Events - Trigger\Events - Trigger.csproj", "{9D6BD611-D9AE-4F63-937A-95127A1D60D0}"
EndProject
Project("{FAE04EC0-301F-11D3-BF4B-00C04F79EFBC}") = "Streams - Dateisuche", "Streams - Dateisuche\Streams - Dateisuche.csproj", "{F6F89E70-3194-4BA4-ADB0-D65456AB323B}"
EndProject
Project("{FAE04EC0-301F-11D3-BF4B-00C04F79EFBC}") = "Streams - FileSystemWatcher", "Stream - FileSystemWatcher\Streams - FileSystemWatcher.csproj", "{B6C52634-11BC-4877-AADD-3D6DB32FC52D}"
EndProject
Project("{FAE04EC0-301F-11D3-BF4B-00C04F79EFBC}") = "JSON - Verzeichnisinformationen", "JSON - Verzeichnisinformationen\JSON - Verzeichnisinformationen.csproj", "{D6AF14EB-CA74-4D68-8E14-B54BB3402D7D}"
EndProject
Project("{FAE04EC0-301F-11D3-BF4B-00C04F79EFBC}") = "JSON - Produkte WPF", "JSON - Produkte\JSON - Produkte WPF.csproj", "{821FD492-0424-4EA2-95AD-A09F0421DD54}"
EndProject
Project("{FAE04EC0-301F-11D3-BF4B-00C04F79EFBC}") = "JSON - FizzBuzz deserial", "JSON - FizzBuzz deserial\JSON - FizzBuzz deserial.csproj", "{CF66C13F-1037-470C-A846-6E9839D5D563}"
EndProject
Project("{FAE04EC0-301F-11D3-BF4B-00C04F79EFBC}") = "Erweiterungsmethoden -  Erweiterung der Klasse String", "Erweiterungsmethoden -  Erweiterung der Klasse String\Erweiterungsmethoden -  Erweiterung der Klasse String.csproj", "{BAC7ED9E-283A-4F99-BC24-43B8C4691C51}"
EndProject
Project("{FAE04EC0-301F-11D3-BF4B-00C04F79EFBC}") = "Tupel - Paarbildung", "Tupel - Paarbildung\Tupel - Paarbildung.csproj", "{D367E701-4CB1-4599-A9E9-D681235299F1}"
EndProject
Project("{FAE04EC0-301F-11D3-BF4B-00C04F79EFBC}") = "Tupel - Reißverschluss", "Tupel - Reißverschluss\Tupel - Reißverschluss.csproj", "{36D33FAD-ECAE-48D6-B58C-0C0B9E14CDA7}"
EndProject
Project("{FAE04EC0-301F-11D3-BF4B-00C04F79EFBC}") = "LINQ - Beispiel", "LINQ - Beispiel\LINQ - Beispiel.csproj", "{997D9CDB-292A-4B2C-9C7D-3A3A94C202C8}"
EndProject
Project("{FAE04EC0-301F-11D3-BF4B-00C04F79EFBC}") = "LINQ - Filter-Operationen", "LINQ - Filter-Operationen\LINQ - Filter-Operationen.csproj", "{8E8CF1B3-9051-42CA-A35F-1DD91557BBEA}"
EndProject
Project("{FAE04EC0-301F-11D3-BF4B-00C04F79EFBC}") = "LINQ - Aggregation", "LINQ - Aggregation\LINQ - Aggregation.csproj", "{0098A3A6-531B-4510-888D-EEC899791739}"
EndProject
Project("{FAE04EC0-301F-11D3-BF4B-00C04F79EFBC}") = "LINQ - Sortieren", "LINQ - Sortieren\LINQ - Sortieren.csproj", "{92A2C9FB-608F-4EC1-A43A-3BD1C778F2EA}"
EndProject
Project("{FAE04EC0-301F-11D3-BF4B-00C04F79EFBC}") = "LINQ - Partitionierung", "LINQ - Partitionierung\LINQ - Partitionierung.csproj", "{17806CD8-DD2E-4E55-A444-C8D90D7E1C24}"
EndProject
Project("{FAE04EC0-301F-11D3-BF4B-00C04F79EFBC}") = "LINQ -  Gruppierung", "LINQ -  Gruppierung\LINQ -  Gruppierung.csproj", "{2DE6B2A1-87EB-4D7E-84A2-3CBF274CEBB4}"
EndProject
Project("{FAE04EC0-301F-11D3-BF4B-00C04F79EFBC}") = "LINQ - Durchschnitt von kategorien", "LINQ - Durchschnitt von kategorien\LINQ - Durchschnitt von kategorien.csproj", "{A2AC7C3B-238B-44CF-BB2A-04685999F000}"
EndProject
Project("{FAE04EC0-301F-11D3-BF4B-00C04F79EFBC}") = "Extra - Schalter umlegen", "Extra - Schalter umlegen\Extra - Schalter umlegen.csproj", "{0EC5E016-D5DF-4C73-A175-C7D59E2109C1}"
EndProject
Project("{FAE04EC0-301F-11D3-BF4B-00C04F79EFBC}") = "Datenbank - Erste Zugriff", "Datenbank - Erste Zugriff\Datenbank - Erste Zugriff.csproj", "{DBDE7522-A934-4682-A934-9A76F75CBE84}"
EndProject
Project("{FAE04EC0-301F-11D3-BF4B-00C04F79EFBC}") = "Datenbank - Erste Aufgabe", "Datenbank - Erste Aufgabe\Datenbank - Erste Aufgabe.csproj", "{8D7749C1-92B5-42A3-9D12-9A8EEA21100D}"
EndProject
Project("{FAE04EC0-301F-11D3-BF4B-00C04F79EFBC}") = "Datenbank - Entity Framework", "Datenbank - Entity Framework\Datenbank - Entity Framework.csproj", "{FD695161-92D2-41A8-B8F2-EC8236AE4DF2}"
EndProject
Project("{FAE04EC0-301F-11D3-BF4B-00C04F79EFBC}") = "Datenbank - Kleine Firma", "Datenbank - Kleine Firma\Datenbank - Kleine Firma.csproj", "{573CD531-02C0-48C2-8166-A2A561A955F2}"
EndProject
Project("{FAE04EC0-301F-11D3-BF4B-00C04F79EFBC}") = "Datenbank - BucherDB und Migration", "Datenbank - BucherDB und Migration\Datenbank - BucherDB und Migration.csproj", "{602BACAF-8380-4C48-A51E-C206B4EFA8BB}"
EndProject
Project("{FAE04EC0-301F-11D3-BF4B-00C04F79EFBC}") = "Database - SQLite", "Database - SQLite\Database - SQLite.csproj", "{9BD9B294-5A03-4338-A61A-8D6A85CD123B}"
EndProject
Project("{FAE04EC0-301F-11D3-BF4B-00C04F79EFBC}") = "Datenbank - Migration", "Datenbank - Migration\Datenbank - Migration.csproj", "{1D0A1D11-CB1E-46D5-B823-063E55D9D100}"
EndProject
Project("{FAE04EC0-301F-11D3-BF4B-00C04F79EFBC}") = "Datenbank - Database First EFC(automatische generierte code)", "Datenbank - Database First EFC(automatische generierte code)\Datenbank - Database First EFC(automatische generierte code).csproj", "{3331A603-79B4-49B8-AD25-9C8449BF03B7}"
EndProject
Project("{FAE04EC0-301F-11D3-BF4B-00C04F79EFBC}") = "Threading - Dateien Lesen", "Threading - Dateien Lesen\Threading - Dateien Lesen.csproj", "{0F5AAEE6-455C-4734-BB42-18B17C44957D}"
EndProject
Project("{FAE04EC0-301F-11D3-BF4B-00C04F79EFBC}") = "Threads - PI berechnen", "Threads - PI berechnen\Threads - PI berechnen.csproj", "{3CAF884B-28E0-42CE-A996-0F06D6F2E145}"
EndProject
Project("{FAE04EC0-301F-11D3-BF4B-00C04F79EFBC}") = "Threads - Graustufe ( Bild in grau weiß imwandeln )", "Threads - Graustufe ( Bild in grau weiß imwandeln )\Threads - Graustufe ( Bild in grau weiß imwandeln ).csproj", "{4A67F7DE-5848-4403-A21B-EE85D5EF475C}"
EndProject
Global
	GlobalSection(SolutionConfigurationPlatforms) = preSolution
		Debug|Any CPU = Debug|Any CPU
		Release|Any CPU = Release|Any CPU
	EndGlobalSection
	GlobalSection(ProjectConfigurationPlatforms) = postSolution
		{C8C98BD1-E0D6-4347-971E-C04BF21F8936}.Debug|Any CPU.ActiveCfg = Debug|Any CPU
		{C8C98BD1-E0D6-4347-971E-C04BF21F8936}.Debug|Any CPU.Build.0 = Debug|Any CPU
		{C8C98BD1-E0D6-4347-971E-C04BF21F8936}.Release|Any CPU.ActiveCfg = Release|Any CPU
		{C8C98BD1-E0D6-4347-971E-C04BF21F8936}.Release|Any CPU.Build.0 = Release|Any CPU
		{B02197C0-172F-4A66-908C-93D3AE9F6951}.Debug|Any CPU.ActiveCfg = Debug|Any CPU
		{B02197C0-172F-4A66-908C-93D3AE9F6951}.Debug|Any CPU.Build.0 = Debug|Any CPU
		{B02197C0-172F-4A66-908C-93D3AE9F6951}.Release|Any CPU.ActiveCfg = Release|Any CPU
		{B02197C0-172F-4A66-908C-93D3AE9F6951}.Release|Any CPU.Build.0 = Release|Any CPU
		{F99325A7-71AF-4000-91E5-FAC4490B65B4}.Debug|Any CPU.ActiveCfg = Debug|Any CPU
		{F99325A7-71AF-4000-91E5-FAC4490B65B4}.Debug|Any CPU.Build.0 = Debug|Any CPU
		{F99325A7-71AF-4000-91E5-FAC4490B65B4}.Release|Any CPU.ActiveCfg = Release|Any CPU
		{F99325A7-71AF-4000-91E5-FAC4490B65B4}.Release|Any CPU.Build.0 = Release|Any CPU
		{8585C5CA-9A8D-41A6-85C7-F74D9CCD2357}.Debug|Any CPU.ActiveCfg = Debug|Any CPU
		{8585C5CA-9A8D-41A6-85C7-F74D9CCD2357}.Debug|Any CPU.Build.0 = Debug|Any CPU
		{8585C5CA-9A8D-41A6-85C7-F74D9CCD2357}.Release|Any CPU.ActiveCfg = Release|Any CPU
		{8585C5CA-9A8D-41A6-85C7-F74D9CCD2357}.Release|Any CPU.Build.0 = Release|Any CPU
		{54E41545-36BA-4DF2-8F4A-E8848A559912}.Debug|Any CPU.ActiveCfg = Debug|Any CPU
		{54E41545-36BA-4DF2-8F4A-E8848A559912}.Debug|Any CPU.Build.0 = Debug|Any CPU
		{54E41545-36BA-4DF2-8F4A-E8848A559912}.Release|Any CPU.ActiveCfg = Release|Any CPU
		{54E41545-36BA-4DF2-8F4A-E8848A559912}.Release|Any CPU.Build.0 = Release|Any CPU
		{06EA3EE8-39CA-4E42-9A9B-BB24381A3DE5}.Debug|Any CPU.ActiveCfg = Debug|Any CPU
		{06EA3EE8-39CA-4E42-9A9B-BB24381A3DE5}.Debug|Any CPU.Build.0 = Debug|Any CPU
		{06EA3EE8-39CA-4E42-9A9B-BB24381A3DE5}.Release|Any CPU.ActiveCfg = Release|Any CPU
		{06EA3EE8-39CA-4E42-9A9B-BB24381A3DE5}.Release|Any CPU.Build.0 = Release|Any CPU
		{6A78728F-7A35-4AE0-8C62-C058FC814E58}.Debug|Any CPU.ActiveCfg = Debug|Any CPU
		{6A78728F-7A35-4AE0-8C62-C058FC814E58}.Debug|Any CPU.Build.0 = Debug|Any CPU
		{6A78728F-7A35-4AE0-8C62-C058FC814E58}.Release|Any CPU.ActiveCfg = Release|Any CPU
		{6A78728F-7A35-4AE0-8C62-C058FC814E58}.Release|Any CPU.Build.0 = Release|Any CPU
		{61B57C19-FEE3-481E-B9A5-ECD068699879}.Debug|Any CPU.ActiveCfg = Debug|Any CPU
		{61B57C19-FEE3-481E-B9A5-ECD068699879}.Debug|Any CPU.Build.0 = Debug|Any CPU
		{61B57C19-FEE3-481E-B9A5-ECD068699879}.Release|Any CPU.ActiveCfg = Release|Any CPU
		{61B57C19-FEE3-481E-B9A5-ECD068699879}.Release|Any CPU.Build.0 = Release|Any CPU
		{090D7A91-18B5-40C7-A8D0-185BA4B5F0AF}.Debug|Any CPU.ActiveCfg = Debug|Any CPU
		{090D7A91-18B5-40C7-A8D0-185BA4B5F0AF}.Debug|Any CPU.Build.0 = Debug|Any CPU
		{090D7A91-18B5-40C7-A8D0-185BA4B5F0AF}.Release|Any CPU.ActiveCfg = Release|Any CPU
		{090D7A91-18B5-40C7-A8D0-185BA4B5F0AF}.Release|Any CPU.Build.0 = Release|Any CPU
		{01C2ECA4-1868-43D0-9D4D-DE073E74DA56}.Debug|Any CPU.ActiveCfg = Debug|Any CPU
		{01C2ECA4-1868-43D0-9D4D-DE073E74DA56}.Debug|Any CPU.Build.0 = Debug|Any CPU
		{01C2ECA4-1868-43D0-9D4D-DE073E74DA56}.Release|Any CPU.ActiveCfg = Release|Any CPU
		{01C2ECA4-1868-43D0-9D4D-DE073E74DA56}.Release|Any CPU.Build.0 = Release|Any CPU
		{D7A5EBD2-10F7-4183-BFF9-CC7EB2AD146C}.Debug|Any CPU.ActiveCfg = Debug|Any CPU
		{D7A5EBD2-10F7-4183-BFF9-CC7EB2AD146C}.Debug|Any CPU.Build.0 = Debug|Any CPU
		{D7A5EBD2-10F7-4183-BFF9-CC7EB2AD146C}.Release|Any CPU.ActiveCfg = Release|Any CPU
		{D7A5EBD2-10F7-4183-BFF9-CC7EB2AD146C}.Release|Any CPU.Build.0 = Release|Any CPU
		{426C683F-AE93-485C-888A-C4697E2FC50A}.Debug|Any CPU.ActiveCfg = Debug|Any CPU
		{426C683F-AE93-485C-888A-C4697E2FC50A}.Debug|Any CPU.Build.0 = Debug|Any CPU
		{426C683F-AE93-485C-888A-C4697E2FC50A}.Release|Any CPU.ActiveCfg = Release|Any CPU
		{426C683F-AE93-485C-888A-C4697E2FC50A}.Release|Any CPU.Build.0 = Release|Any CPU
		{D1AB9910-369C-40BE-ADCB-E1DF6526F11C}.Debug|Any CPU.ActiveCfg = Debug|Any CPU
		{D1AB9910-369C-40BE-ADCB-E1DF6526F11C}.Debug|Any CPU.Build.0 = Debug|Any CPU
		{D1AB9910-369C-40BE-ADCB-E1DF6526F11C}.Release|Any CPU.ActiveCfg = Release|Any CPU
		{D1AB9910-369C-40BE-ADCB-E1DF6526F11C}.Release|Any CPU.Build.0 = Release|Any CPU
		{C4AE3000-C34B-47F8-862F-D85E0E4A9775}.Debug|Any CPU.ActiveCfg = Debug|Any CPU
		{C4AE3000-C34B-47F8-862F-D85E0E4A9775}.Debug|Any CPU.Build.0 = Debug|Any CPU
		{C4AE3000-C34B-47F8-862F-D85E0E4A9775}.Release|Any CPU.ActiveCfg = Release|Any CPU
		{C4AE3000-C34B-47F8-862F-D85E0E4A9775}.Release|Any CPU.Build.0 = Release|Any CPU
		{B2CF8C9E-0333-41D8-B172-FC3C22EA9432}.Debug|Any CPU.ActiveCfg = Debug|Any CPU
		{B2CF8C9E-0333-41D8-B172-FC3C22EA9432}.Debug|Any CPU.Build.0 = Debug|Any CPU
		{B2CF8C9E-0333-41D8-B172-FC3C22EA9432}.Release|Any CPU.ActiveCfg = Release|Any CPU
		{B2CF8C9E-0333-41D8-B172-FC3C22EA9432}.Release|Any CPU.Build.0 = Release|Any CPU
		{340203B8-BA9D-42C7-8D95-1624300CDDD9}.Debug|Any CPU.ActiveCfg = Debug|Any CPU
		{340203B8-BA9D-42C7-8D95-1624300CDDD9}.Debug|Any CPU.Build.0 = Debug|Any CPU
		{340203B8-BA9D-42C7-8D95-1624300CDDD9}.Release|Any CPU.ActiveCfg = Release|Any CPU
		{340203B8-BA9D-42C7-8D95-1624300CDDD9}.Release|Any CPU.Build.0 = Release|Any CPU
		{B679A26F-92AA-40E2-9BB5-B5308E4D9D3E}.Debug|Any CPU.ActiveCfg = Debug|Any CPU
		{B679A26F-92AA-40E2-9BB5-B5308E4D9D3E}.Debug|Any CPU.Build.0 = Debug|Any CPU
		{B679A26F-92AA-40E2-9BB5-B5308E4D9D3E}.Release|Any CPU.ActiveCfg = Release|Any CPU
		{B679A26F-92AA-40E2-9BB5-B5308E4D9D3E}.Release|Any CPU.Build.0 = Release|Any CPU
		{A89A9E98-4A90-42C2-B5CB-DB02C450C162}.Debug|Any CPU.ActiveCfg = Debug|Any CPU
		{A89A9E98-4A90-42C2-B5CB-DB02C450C162}.Debug|Any CPU.Build.0 = Debug|Any CPU
		{A89A9E98-4A90-42C2-B5CB-DB02C450C162}.Release|Any CPU.ActiveCfg = Release|Any CPU
		{A89A9E98-4A90-42C2-B5CB-DB02C450C162}.Release|Any CPU.Build.0 = Release|Any CPU
		{3FDE09C8-A9D3-4773-AEB0-2D5D9A744908}.Debug|Any CPU.ActiveCfg = Debug|Any CPU
		{3FDE09C8-A9D3-4773-AEB0-2D5D9A744908}.Debug|Any CPU.Build.0 = Debug|Any CPU
		{3FDE09C8-A9D3-4773-AEB0-2D5D9A744908}.Release|Any CPU.ActiveCfg = Release|Any CPU
		{3FDE09C8-A9D3-4773-AEB0-2D5D9A744908}.Release|Any CPU.Build.0 = Release|Any CPU
		{E3DE80F6-9293-422A-A5FF-6E869AE9652C}.Debug|Any CPU.ActiveCfg = Debug|Any CPU
		{E3DE80F6-9293-422A-A5FF-6E869AE9652C}.Debug|Any CPU.Build.0 = Debug|Any CPU
		{E3DE80F6-9293-422A-A5FF-6E869AE9652C}.Release|Any CPU.ActiveCfg = Release|Any CPU
		{E3DE80F6-9293-422A-A5FF-6E869AE9652C}.Release|Any CPU.Build.0 = Release|Any CPU
		{B9B9BA2C-209D-4781-B4D9-D92EDC3A27CD}.Debug|Any CPU.ActiveCfg = Debug|Any CPU
		{B9B9BA2C-209D-4781-B4D9-D92EDC3A27CD}.Debug|Any CPU.Build.0 = Debug|Any CPU
		{B9B9BA2C-209D-4781-B4D9-D92EDC3A27CD}.Release|Any CPU.ActiveCfg = Release|Any CPU
		{B9B9BA2C-209D-4781-B4D9-D92EDC3A27CD}.Release|Any CPU.Build.0 = Release|Any CPU
		{3E1D6B75-D430-45D5-8EED-355C4887594C}.Debug|Any CPU.ActiveCfg = Debug|Any CPU
		{3E1D6B75-D430-45D5-8EED-355C4887594C}.Debug|Any CPU.Build.0 = Debug|Any CPU
		{3E1D6B75-D430-45D5-8EED-355C4887594C}.Release|Any CPU.ActiveCfg = Release|Any CPU
		{3E1D6B75-D430-45D5-8EED-355C4887594C}.Release|Any CPU.Build.0 = Release|Any CPU
		{F2F9A258-808E-4240-9752-038982A16C08}.Debug|Any CPU.ActiveCfg = Debug|Any CPU
		{F2F9A258-808E-4240-9752-038982A16C08}.Debug|Any CPU.Build.0 = Debug|Any CPU
		{F2F9A258-808E-4240-9752-038982A16C08}.Release|Any CPU.ActiveCfg = Release|Any CPU
		{F2F9A258-808E-4240-9752-038982A16C08}.Release|Any CPU.Build.0 = Release|Any CPU
		{626EA710-4F62-4AD6-9133-2E14FEFCAC02}.Debug|Any CPU.ActiveCfg = Debug|Any CPU
		{626EA710-4F62-4AD6-9133-2E14FEFCAC02}.Debug|Any CPU.Build.0 = Debug|Any CPU
		{626EA710-4F62-4AD6-9133-2E14FEFCAC02}.Release|Any CPU.ActiveCfg = Release|Any CPU
		{626EA710-4F62-4AD6-9133-2E14FEFCAC02}.Release|Any CPU.Build.0 = Release|Any CPU
		{4D245011-1F2E-4D3C-96AC-4D09C0735893}.Debug|Any CPU.ActiveCfg = Debug|Any CPU
		{4D245011-1F2E-4D3C-96AC-4D09C0735893}.Debug|Any CPU.Build.0 = Debug|Any CPU
		{4D245011-1F2E-4D3C-96AC-4D09C0735893}.Release|Any CPU.ActiveCfg = Release|Any CPU
		{4D245011-1F2E-4D3C-96AC-4D09C0735893}.Release|Any CPU.Build.0 = Release|Any CPU
		{9D6BD611-D9AE-4F63-937A-95127A1D60D0}.Debug|Any CPU.ActiveCfg = Debug|Any CPU
		{9D6BD611-D9AE-4F63-937A-95127A1D60D0}.Debug|Any CPU.Build.0 = Debug|Any CPU
		{9D6BD611-D9AE-4F63-937A-95127A1D60D0}.Release|Any CPU.ActiveCfg = Release|Any CPU
		{9D6BD611-D9AE-4F63-937A-95127A1D60D0}.Release|Any CPU.Build.0 = Release|Any CPU
		{F6F89E70-3194-4BA4-ADB0-D65456AB323B}.Debug|Any CPU.ActiveCfg = Debug|Any CPU
		{F6F89E70-3194-4BA4-ADB0-D65456AB323B}.Debug|Any CPU.Build.0 = Debug|Any CPU
		{F6F89E70-3194-4BA4-ADB0-D65456AB323B}.Release|Any CPU.ActiveCfg = Release|Any CPU
		{F6F89E70-3194-4BA4-ADB0-D65456AB323B}.Release|Any CPU.Build.0 = Release|Any CPU
		{B6C52634-11BC-4877-AADD-3D6DB32FC52D}.Debug|Any CPU.ActiveCfg = Debug|Any CPU
		{B6C52634-11BC-4877-AADD-3D6DB32FC52D}.Debug|Any CPU.Build.0 = Debug|Any CPU
		{B6C52634-11BC-4877-AADD-3D6DB32FC52D}.Release|Any CPU.ActiveCfg = Release|Any CPU
		{B6C52634-11BC-4877-AADD-3D6DB32FC52D}.Release|Any CPU.Build.0 = Release|Any CPU
		{D6AF14EB-CA74-4D68-8E14-B54BB3402D7D}.Debug|Any CPU.ActiveCfg = Debug|Any CPU
		{D6AF14EB-CA74-4D68-8E14-B54BB3402D7D}.Debug|Any CPU.Build.0 = Debug|Any CPU
		{D6AF14EB-CA74-4D68-8E14-B54BB3402D7D}.Release|Any CPU.ActiveCfg = Release|Any CPU
		{D6AF14EB-CA74-4D68-8E14-B54BB3402D7D}.Release|Any CPU.Build.0 = Release|Any CPU
		{821FD492-0424-4EA2-95AD-A09F0421DD54}.Debug|Any CPU.ActiveCfg = Debug|Any CPU
		{821FD492-0424-4EA2-95AD-A09F0421DD54}.Debug|Any CPU.Build.0 = Debug|Any CPU
		{821FD492-0424-4EA2-95AD-A09F0421DD54}.Release|Any CPU.ActiveCfg = Release|Any CPU
		{821FD492-0424-4EA2-95AD-A09F0421DD54}.Release|Any CPU.Build.0 = Release|Any CPU
		{CF66C13F-1037-470C-A846-6E9839D5D563}.Debug|Any CPU.ActiveCfg = Debug|Any CPU
		{CF66C13F-1037-470C-A846-6E9839D5D563}.Debug|Any CPU.Build.0 = Debug|Any CPU
		{CF66C13F-1037-470C-A846-6E9839D5D563}.Release|Any CPU.ActiveCfg = Release|Any CPU
		{CF66C13F-1037-470C-A846-6E9839D5D563}.Release|Any CPU.Build.0 = Release|Any CPU
		{BAC7ED9E-283A-4F99-BC24-43B8C4691C51}.Debug|Any CPU.ActiveCfg = Debug|Any CPU
		{BAC7ED9E-283A-4F99-BC24-43B8C4691C51}.Debug|Any CPU.Build.0 = Debug|Any CPU
		{BAC7ED9E-283A-4F99-BC24-43B8C4691C51}.Release|Any CPU.ActiveCfg = Release|Any CPU
		{BAC7ED9E-283A-4F99-BC24-43B8C4691C51}.Release|Any CPU.Build.0 = Release|Any CPU
		{D367E701-4CB1-4599-A9E9-D681235299F1}.Debug|Any CPU.ActiveCfg = Debug|Any CPU
		{D367E701-4CB1-4599-A9E9-D681235299F1}.Debug|Any CPU.Build.0 = Debug|Any CPU
		{D367E701-4CB1-4599-A9E9-D681235299F1}.Release|Any CPU.ActiveCfg = Release|Any CPU
		{D367E701-4CB1-4599-A9E9-D681235299F1}.Release|Any CPU.Build.0 = Release|Any CPU
		{36D33FAD-ECAE-48D6-B58C-0C0B9E14CDA7}.Debug|Any CPU.ActiveCfg = Debug|Any CPU
		{36D33FAD-ECAE-48D6-B58C-0C0B9E14CDA7}.Debug|Any CPU.Build.0 = Debug|Any CPU
		{36D33FAD-ECAE-48D6-B58C-0C0B9E14CDA7}.Release|Any CPU.ActiveCfg = Release|Any CPU
		{36D33FAD-ECAE-48D6-B58C-0C0B9E14CDA7}.Release|Any CPU.Build.0 = Release|Any CPU
		{997D9CDB-292A-4B2C-9C7D-3A3A94C202C8}.Debug|Any CPU.ActiveCfg = Debug|Any CPU
		{997D9CDB-292A-4B2C-9C7D-3A3A94C202C8}.Debug|Any CPU.Build.0 = Debug|Any CPU
		{997D9CDB-292A-4B2C-9C7D-3A3A94C202C8}.Release|Any CPU.ActiveCfg = Release|Any CPU
		{997D9CDB-292A-4B2C-9C7D-3A3A94C202C8}.Release|Any CPU.Build.0 = Release|Any CPU
		{8E8CF1B3-9051-42CA-A35F-1DD91557BBEA}.Debug|Any CPU.ActiveCfg = Debug|Any CPU
		{8E8CF1B3-9051-42CA-A35F-1DD91557BBEA}.Debug|Any CPU.Build.0 = Debug|Any CPU
		{8E8CF1B3-9051-42CA-A35F-1DD91557BBEA}.Release|Any CPU.ActiveCfg = Release|Any CPU
		{8E8CF1B3-9051-42CA-A35F-1DD91557BBEA}.Release|Any CPU.Build.0 = Release|Any CPU
		{0098A3A6-531B-4510-888D-EEC899791739}.Debug|Any CPU.ActiveCfg = Debug|Any CPU
		{0098A3A6-531B-4510-888D-EEC899791739}.Debug|Any CPU.Build.0 = Debug|Any CPU
		{0098A3A6-531B-4510-888D-EEC899791739}.Release|Any CPU.ActiveCfg = Release|Any CPU
		{0098A3A6-531B-4510-888D-EEC899791739}.Release|Any CPU.Build.0 = Release|Any CPU
		{92A2C9FB-608F-4EC1-A43A-3BD1C778F2EA}.Debug|Any CPU.ActiveCfg = Debug|Any CPU
		{92A2C9FB-608F-4EC1-A43A-3BD1C778F2EA}.Debug|Any CPU.Build.0 = Debug|Any CPU
		{92A2C9FB-608F-4EC1-A43A-3BD1C778F2EA}.Release|Any CPU.ActiveCfg = Release|Any CPU
		{92A2C9FB-608F-4EC1-A43A-3BD1C778F2EA}.Release|Any CPU.Build.0 = Release|Any CPU
		{17806CD8-DD2E-4E55-A444-C8D90D7E1C24}.Debug|Any CPU.ActiveCfg = Debug|Any CPU
		{17806CD8-DD2E-4E55-A444-C8D90D7E1C24}.Debug|Any CPU.Build.0 = Debug|Any CPU
		{17806CD8-DD2E-4E55-A444-C8D90D7E1C24}.Release|Any CPU.ActiveCfg = Release|Any CPU
		{17806CD8-DD2E-4E55-A444-C8D90D7E1C24}.Release|Any CPU.Build.0 = Release|Any CPU
		{2DE6B2A1-87EB-4D7E-84A2-3CBF274CEBB4}.Debug|Any CPU.ActiveCfg = Debug|Any CPU
		{2DE6B2A1-87EB-4D7E-84A2-3CBF274CEBB4}.Debug|Any CPU.Build.0 = Debug|Any CPU
		{2DE6B2A1-87EB-4D7E-84A2-3CBF274CEBB4}.Release|Any CPU.ActiveCfg = Release|Any CPU
		{2DE6B2A1-87EB-4D7E-84A2-3CBF274CEBB4}.Release|Any CPU.Build.0 = Release|Any CPU
		{A2AC7C3B-238B-44CF-BB2A-04685999F000}.Debug|Any CPU.ActiveCfg = Debug|Any CPU
		{A2AC7C3B-238B-44CF-BB2A-04685999F000}.Debug|Any CPU.Build.0 = Debug|Any CPU
		{A2AC7C3B-238B-44CF-BB2A-04685999F000}.Release|Any CPU.ActiveCfg = Release|Any CPU
		{A2AC7C3B-238B-44CF-BB2A-04685999F000}.Release|Any CPU.Build.0 = Release|Any CPU
		{0EC5E016-D5DF-4C73-A175-C7D59E2109C1}.Debug|Any CPU.ActiveCfg = Debug|Any CPU
		{0EC5E016-D5DF-4C73-A175-C7D59E2109C1}.Debug|Any CPU.Build.0 = Debug|Any CPU
		{0EC5E016-D5DF-4C73-A175-C7D59E2109C1}.Release|Any CPU.ActiveCfg = Release|Any CPU
		{0EC5E016-D5DF-4C73-A175-C7D59E2109C1}.Release|Any CPU.Build.0 = Release|Any CPU
		{DBDE7522-A934-4682-A934-9A76F75CBE84}.Debug|Any CPU.ActiveCfg = Debug|Any CPU
		{DBDE7522-A934-4682-A934-9A76F75CBE84}.Debug|Any CPU.Build.0 = Debug|Any CPU
		{DBDE7522-A934-4682-A934-9A76F75CBE84}.Release|Any CPU.ActiveCfg = Release|Any CPU
		{DBDE7522-A934-4682-A934-9A76F75CBE84}.Release|Any CPU.Build.0 = Release|Any CPU
		{8D7749C1-92B5-42A3-9D12-9A8EEA21100D}.Debug|Any CPU.ActiveCfg = Debug|Any CPU
		{8D7749C1-92B5-42A3-9D12-9A8EEA21100D}.Debug|Any CPU.Build.0 = Debug|Any CPU
		{8D7749C1-92B5-42A3-9D12-9A8EEA21100D}.Release|Any CPU.ActiveCfg = Release|Any CPU
		{8D7749C1-92B5-42A3-9D12-9A8EEA21100D}.Release|Any CPU.Build.0 = Release|Any CPU
		{FD695161-92D2-41A8-B8F2-EC8236AE4DF2}.Debug|Any CPU.ActiveCfg = Debug|Any CPU
		{FD695161-92D2-41A8-B8F2-EC8236AE4DF2}.Debug|Any CPU.Build.0 = Debug|Any CPU
		{FD695161-92D2-41A8-B8F2-EC8236AE4DF2}.Release|Any CPU.ActiveCfg = Release|Any CPU
		{FD695161-92D2-41A8-B8F2-EC8236AE4DF2}.Release|Any CPU.Build.0 = Release|Any CPU
		{573CD531-02C0-48C2-8166-A2A561A955F2}.Debug|Any CPU.ActiveCfg = Debug|Any CPU
		{573CD531-02C0-48C2-8166-A2A561A955F2}.Debug|Any CPU.Build.0 = Debug|Any CPU
		{573CD531-02C0-48C2-8166-A2A561A955F2}.Release|Any CPU.ActiveCfg = Release|Any CPU
		{573CD531-02C0-48C2-8166-A2A561A955F2}.Release|Any CPU.Build.0 = Release|Any CPU
		{602BACAF-8380-4C48-A51E-C206B4EFA8BB}.Debug|Any CPU.ActiveCfg = Debug|Any CPU
		{602BACAF-8380-4C48-A51E-C206B4EFA8BB}.Debug|Any CPU.Build.0 = Debug|Any CPU
		{602BACAF-8380-4C48-A51E-C206B4EFA8BB}.Release|Any CPU.ActiveCfg = Release|Any CPU
		{602BACAF-8380-4C48-A51E-C206B4EFA8BB}.Release|Any CPU.Build.0 = Release|Any CPU
		{9BD9B294-5A03-4338-A61A-8D6A85CD123B}.Debug|Any CPU.ActiveCfg = Debug|Any CPU
		{9BD9B294-5A03-4338-A61A-8D6A85CD123B}.Debug|Any CPU.Build.0 = Debug|Any CPU
		{9BD9B294-5A03-4338-A61A-8D6A85CD123B}.Release|Any CPU.ActiveCfg = Release|Any CPU
		{9BD9B294-5A03-4338-A61A-8D6A85CD123B}.Release|Any CPU.Build.0 = Release|Any CPU
		{1D0A1D11-CB1E-46D5-B823-063E55D9D100}.Debug|Any CPU.ActiveCfg = Debug|Any CPU
		{1D0A1D11-CB1E-46D5-B823-063E55D9D100}.Debug|Any CPU.Build.0 = Debug|Any CPU
		{1D0A1D11-CB1E-46D5-B823-063E55D9D100}.Release|Any CPU.ActiveCfg = Release|Any CPU
		{1D0A1D11-CB1E-46D5-B823-063E55D9D100}.Release|Any CPU.Build.0 = Release|Any CPU
		{3331A603-79B4-49B8-AD25-9C8449BF03B7}.Debug|Any CPU.ActiveCfg = Debug|Any CPU
		{3331A603-79B4-49B8-AD25-9C8449BF03B7}.Debug|Any CPU.Build.0 = Debug|Any CPU
		{3331A603-79B4-49B8-AD25-9C8449BF03B7}.Release|Any CPU.ActiveCfg = Release|Any CPU
		{3331A603-79B4-49B8-AD25-9C8449BF03B7}.Release|Any CPU.Build.0 = Release|Any CPU
		{0F5AAEE6-455C-4734-BB42-18B17C44957D}.Debug|Any CPU.ActiveCfg = Debug|Any CPU
		{0F5AAEE6-455C-4734-BB42-18B17C44957D}.Debug|Any CPU.Build.0 = Debug|Any CPU
		{0F5AAEE6-455C-4734-BB42-18B17C44957D}.Release|Any CPU.ActiveCfg = Release|Any CPU
		{0F5AAEE6-455C-4734-BB42-18B17C44957D}.Release|Any CPU.Build.0 = Release|Any CPU
		{3CAF884B-28E0-42CE-A996-0F06D6F2E145}.Debug|Any CPU.ActiveCfg = Debug|Any CPU
		{3CAF884B-28E0-42CE-A996-0F06D6F2E145}.Debug|Any CPU.Build.0 = Debug|Any CPU
		{3CAF884B-28E0-42CE-A996-0F06D6F2E145}.Release|Any CPU.ActiveCfg = Release|Any CPU
		{3CAF884B-28E0-42CE-A996-0F06D6F2E145}.Release|Any CPU.Build.0 = Release|Any CPU
		{4A67F7DE-5848-4403-A21B-EE85D5EF475C}.Debug|Any CPU.ActiveCfg = Debug|Any CPU
		{4A67F7DE-5848-4403-A21B-EE85D5EF475C}.Debug|Any CPU.Build.0 = Debug|Any CPU
		{4A67F7DE-5848-4403-A21B-EE85D5EF475C}.Release|Any CPU.ActiveCfg = Release|Any CPU
		{4A67F7DE-5848-4403-A21B-EE85D5EF475C}.Release|Any CPU.Build.0 = Release|Any CPU
	EndGlobalSection
	GlobalSection(SolutionProperties) = preSolution
		HideSolutionNode = FALSE
	EndGlobalSection
	GlobalSection(ExtensibilityGlobals) = postSolution
		SolutionGuid = {59FA6FE6-E449-48F0-808D-29EAC0E9E7CC}
	EndGlobalSection
EndGlobal
